# This file is autogenerated, do not edit; changes may be undone by the next 'dep ensure'.


[[projects]]
  name = "github.com/Luzifer/go_helpers"
  packages = [
    "accessLogger",
    "http"
  ]
  revision = "e31c3a2659d3f4901f696692cfe98bd0eb5168f9"
  version = "v2.2.0"

[[projects]]
  name = "github.com/Luzifer/rconfig"
  packages = ["."]
  revision = "7aef1d393c1e2d0758901853b59981c7adc67c7e"
  version = "v1.2.0"

[[projects]]
  name = "github.com/gorilla/context"
  packages = ["."]
  revision = "1c83b3eabd45b6d76072b66b746c20815fb2872d"

[[projects]]
  name = "github.com/gorilla/mux"
  packages = ["."]
  revision = "49c024275504f0341e5a9971eb7ba7fa3dc7af40"

[[projects]]
  name = "github.com/nicksnyder/go-i18n"
  packages = [
    "i18n",
    "i18n/bundle",
    "i18n/language",
    "i18n/translation"
  ]
  revision = "3e70a1a463008cea6726380c908b1a6a8bdf7b24"
  version = "v1.8.1"

[[projects]]
  name = "github.com/pelletier/go-toml"
  packages = ["."]
  revision = "69d355db5304c0f7f809a2edc054553e7142f016"

[[projects]]
  name = "github.com/satori/uuid"
  packages = ["."]
  revision = "5bf94b69c6b68ee1b541973bb8e1144db23a194b"

[[projects]]
  name = "github.com/sirupsen/logrus"
  packages = ["."]
  revision = "59d0ca41e5faad81cac03f7a7d84ba80d9cc9673"

[[projects]]
  name = "github.com/spf13/pflag"
  packages = ["."]
  revision = "e57e3eeb33f795204c1ca35f56c44f83227c6e66"
  version = "v1.0.0"

[[projects]]
  name = "github.com/xuyu/goredis"
  packages = ["."]
  revision = "300f7e8cf453e2ea44337b3969d3aecf1a92ebe3"

[[projects]]
  name = "golang.org/x/sys"
  packages = ["unix"]
  revision = "739734461d1c916b6c72a63d7efda2b27edb369f"

[[projects]]
  name = "gopkg.in/validator.v2"
  packages = ["."]
  revision = "07ffaad256c8e957050ad83d6472eb97d785013d"

[[projects]]
  name = "gopkg.in/yaml.v2"
  packages = ["."]
  revision = "cd8b52f8269e0feb286dfeef29f8fe4d5b397e0b"

[solve-meta]
  analyzer-name = "dep"
  analyzer-version = 1
  inputs-digest = "6ca092544a6a743d91d487a6b61d4174242bf93e75a6a066de2bc2228e56b871"
  solver-name = "gps-cdcl"
  solver-version = 1
